github.com/cookiengineer/gozim v0.1.2 h1:KOXV1sdPKud7S0CMoNfXdBjFFAzD72+OsarbrAorCEA=
github.com/cookiengineer/gozim v0.1.2/go.mod h1:Iixr1ZVBhJknfnzQcCmsgov+SRVlIPY8PvpK6wotCbI=
github.com/go-sourcemap/sourcemap v2.1.4+incompatible h1:a+iTbH5auLKxaNwQFg0B+TCYl6lbukKPc7b5x0n1s6Q=
github.com/go-sourcemap/sourcemap v2.1.4+incompatible/go.mod h1:F8jJfvm2KbVjc5NqelyYJmf/v5J0dwNLS2mL4sNA1Jg=
github.com/grafana/sobek v0.0.0-20260727154728-7781506a890f h1:YNPYRCa0yVIPtLYrzNzsfObrRZJQDupuGL3zW3SWn0M=
github.com/grafana/sobek v0.0.0-20260727154728-7781506a890f/go.mod h1:Sza3zAy+gfXCTtzbPuijuT5odA6N3lQxMTVpCP8sC/4=
golang.org/x/net v0.57.0 h1:K5+3DljvIuDG9/Jv9rvyMywYNFCQ9RSUY6OOTTkT+tE=
golang.org/x/net v0.57.0/go.mod h1:KpXc8iv+r3XplLAG/f7Jsf9RPszJzdR0f58q9vGOuEU=
golang.org/x/text v0.40.0 h1:Ub2Z6/xjgF1WrYQz2nuITOEegKFtiIy+rieRJ5lHZKs=
golang.org/x/text v0.40.0/go.mod h1:hpnzDAfGV753zIKo+wk3u1bVKCGPbrnF7+7LBF/UHVY=
